
Microsoft Visual Studio Solution File, Format Version 12.00
# Visual Studio Version 16
VisualStudioVersion = 16.0.29230.47
MinimumVisualStudioVersion = 10.0.40219.1
Project("{FAE04EC0-301F-11D3-BF4B-00C04F79EFBC}") = "DataStorage", "DataStorage\DataStorage.csproj", "{2D63C647-84E7-4C7C-B45A-318D46790E25}"
EndProject
Global
	GlobalSection(SolutionConfigurationPlatforms) = preSolution
		Debug|Any CPU = Debug|Any CPU
		Release|Any CPU = Release|Any CPU
	EndGlobalSection
	GlobalSection(ProjectConfigurationPlatforms) = postSolution
		{2D63C647-84E7-4C7C-B45A-318D46790E25}.Debug|Any CPU.ActiveCfg = Debug|Any CPU
		{2D63C647-84E7-4C7C-B45A-318D46790E25}.Debug|Any CPU.Build.0 = Debug|Any CPU
		{2D63C647-84E7-4C7C-B45A-318D46790E25}.Release|Any CPU.ActiveCfg = Release|Any CPU
		{2D63C647-84E7-4C7C-B45A-318D46790E25}.Release|Any CPU.Build.0 = Release|Any CPU
	EndGlobalSection
	GlobalSection(SolutionProperties) = preSolution
		HideSolutionNode = FALSE
	EndGlobalSection
	GlobalSection(ExtensibilityGlobals) = postSolution
		SolutionGuid = {10062254-C5E3-4ACC-B6E8-6181F3064851}
	EndGlobalSection
EndGlobal
